
Microsoft Visual Studio Solution File, Format Version 11.00
# Visual Studio 2010
Project("{FAE04EC0-301F-11D3-BF4B-00C04F79EFBC}") = "Assembly-CSharp", "Assembly-CSharp.csproj", "{D558ABAC-D9F3-F115-B5D2-BEB91E3AFC8A}"
EndProject
Project("{FAE04EC0-301F-11D3-BF4B-00C04F79EFBC}") = "Assembly-CSharp-Editor", "Assembly-CSharp-Editor.csproj", "{9B75161A-3D1C-4713-6C5E-6503CE1A3928}"
EndProject
Global
	GlobalSection(SolutionConfigurationPlatforms) = preSolution
		Debug|Any CPU = Debug|Any CPU
		Release|Any CPU = Release|Any CPU
	EndGlobalSection
	GlobalSection(ProjectConfigurationPlatforms) = postSolution
		{D558ABAC-D9F3-F115-B5D2-BEB91E3AFC8A}.Debug|Any CPU.ActiveCfg = Debug|Any CPU
		{D558ABAC-D9F3-F115-B5D2-BEB91E3AFC8A}.Debug|Any CPU.Build.0 = Debug|Any CPU
		{D558ABAC-D9F3-F115-B5D2-BEB91E3AFC8A}.Release|Any CPU.ActiveCfg = Release|Any CPU
		{D558ABAC-D9F3-F115-B5D2-BEB91E3AFC8A}.Release|Any CPU.Build.0 = Release|Any CPU
		{9B75161A-3D1C-4713-6C5E-6503CE1A3928}.Debug|Any CPU.ActiveCfg = Debug|Any CPU
		{9B75161A-3D1C-4713-6C5E-6503CE1A3928}.Debug|Any CPU.Build.0 = Debug|Any CPU
		{9B75161A-3D1C-4713-6C5E-6503CE1A3928}.Release|Any CPU.ActiveCfg = Release|Any CPU
		{9B75161A-3D1C-4713-6C5E-6503CE1A3928}.Release|Any CPU.Build.0 = Release|Any CPU
	EndGlobalSection
	GlobalSection(SolutionProperties) = preSolution
		HideSolutionNode = FALSE
	EndGlobalSection
	GlobalSection(MonoDevelopProperties) = preSolution
		StartupItem = Assembly-CSharp.csproj
	EndGlobalSection
EndGlobal
